
Microsoft Visual Studio Solution File, Format Version 12.00
# Visual Studio Version 16
VisualStudioVersion = 16.0.30611.23
MinimumVisualStudioVersion = 10.0.40219.1
Project("{9A19103F-16F7-4668-BE54-9A1E7A4F7556}") = "Abschlussübung_Nechwatal", "Abschlussübung_Nechwatal.csproj", "{903D499E-6CFA-416A-B9FB-9CFB9A33241A}"
EndProject
Project("{FAE04EC0-301F-11D3-BF4B-00C04F79EFBC}") = "UnitTestProject1", "..\..\..\Documents\3BHIT\SEW\Abschlussübung_Nechwatal\UnitTestProject1\UnitTestProject1.csproj", "{20AA7978-626E-40E5-8F80-BEAAD8FFA7C2}"
EndProject
Global
	GlobalSection(SolutionConfigurationPlatforms) = preSolution
		Debug|Any CPU = Debug|Any CPU
		Release|Any CPU = Release|Any CPU
	EndGlobalSection
	GlobalSection(ProjectConfigurationPlatforms) = postSolution
		{903D499E-6CFA-416A-B9FB-9CFB9A33241A}.Debug|Any CPU.ActiveCfg = Debug|Any CPU
		{903D499E-6CFA-416A-B9FB-9CFB9A33241A}.Debug|Any CPU.Build.0 = Debug|Any CPU
		{903D499E-6CFA-416A-B9FB-9CFB9A33241A}.Release|Any CPU.ActiveCfg = Release|Any CPU
		{903D499E-6CFA-416A-B9FB-9CFB9A33241A}.Release|Any CPU.Build.0 = Release|Any CPU
		{20AA7978-626E-40E5-8F80-BEAAD8FFA7C2}.Debug|Any CPU.ActiveCfg = Debug|Any CPU
		{20AA7978-626E-40E5-8F80-BEAAD8FFA7C2}.Debug|Any CPU.Build.0 = Debug|Any CPU
		{20AA7978-626E-40E5-8F80-BEAAD8FFA7C2}.Release|Any CPU.ActiveCfg = Release|Any CPU
		{20AA7978-626E-40E5-8F80-BEAAD8FFA7C2}.Release|Any CPU.Build.0 = Release|Any CPU
	EndGlobalSection
	GlobalSection(SolutionProperties) = preSolution
		HideSolutionNode = FALSE
	EndGlobalSection
	GlobalSection(ExtensibilityGlobals) = postSolution
		SolutionGuid = {D34A2D5D-01E1-486C-A92B-0F34D802537E}
	EndGlobalSection
EndGlobal
